
Microsoft Visual Studio Solution File, Format Version 12.00
# Visual Studio 15
Project("{FAE04EC0-301F-11D3-BF4B-00C04F79EFBC}") = "MacAddressGenerator", "MacAddressGenerator\MacAddressGenerator.csproj", "{BB59EB12-47DB-466A-B408-7300185D91AB}"
EndProject
Global
	GlobalSection(SolutionConfigurationPlatforms) = preSolution
		Debug|Any CPU = Debug|Any CPU
		Release|Any CPU = Release|Any CPU
	EndGlobalSection
	GlobalSection(ProjectConfigurationPlatforms) = postSolution
		{BB59EB12-47DB-466A-B408-7300185D91AB}.Debug|Any CPU.ActiveCfg = Debug|Any CPU
		{BB59EB12-47DB-466A-B408-7300185D91AB}.Debug|Any CPU.Build.0 = Debug|Any CPU
		{BB59EB12-47DB-466A-B408-7300185D91AB}.Release|Any CPU.ActiveCfg = Release|Any CPU
		{BB59EB12-47DB-466A-B408-7300185D91AB}.Release|Any CPU.Build.0 = Release|Any CPU
	EndGlobalSection
EndGlobal
